
Microsoft Visual Studio Solution File, Format Version 12.00
# Visual Studio Version 16
VisualStudioVersion = 16.0.29920.165
MinimumVisualStudioVersion = 10.0.40219.1
Project("{FAE04EC0-301F-11D3-BF4B-00C04F79EFBC}") = "HouseParser", "HouseParser\HouseParser.csproj", "{0A1188A2-2CD0-497E-AD84-D14DB3020D5D}"
EndProject
Project("{FAE04EC0-301F-11D3-BF4B-00C04F79EFBC}") = "HouseParser.Tests", "HouseParser.Tests\HouseParser.Tests.csproj", "{F1DDC22A-6D1C-4B28-8A9A-27F0CF3964BE}"
EndProject
Global
	GlobalSection(SolutionConfigurationPlatforms) = preSolution
		Debug|Any CPU = Debug|Any CPU
		Release|Any CPU = Release|Any CPU
	EndGlobalSection
	GlobalSection(ProjectConfigurationPlatforms) = postSolution
		{0A1188A2-2CD0-497E-AD84-D14DB3020D5D}.Debug|Any CPU.ActiveCfg = Debug|Any CPU
		{0A1188A2-2CD0-497E-AD84-D14DB3020D5D}.Debug|Any CPU.Build.0 = Debug|Any CPU
		{0A1188A2-2CD0-497E-AD84-D14DB3020D5D}.Release|Any CPU.ActiveCfg = Release|Any CPU
		{0A1188A2-2CD0-497E-AD84-D14DB3020D5D}.Release|Any CPU.Build.0 = Release|Any CPU
		{F1DDC22A-6D1C-4B28-8A9A-27F0CF3964BE}.Debug|Any CPU.ActiveCfg = Debug|Any CPU
		{F1DDC22A-6D1C-4B28-8A9A-27F0CF3964BE}.Debug|Any CPU.Build.0 = Debug|Any CPU
		{F1DDC22A-6D1C-4B28-8A9A-27F0CF3964BE}.Release|Any CPU.ActiveCfg = Release|Any CPU
		{F1DDC22A-6D1C-4B28-8A9A-27F0CF3964BE}.Release|Any CPU.Build.0 = Release|Any CPU
	EndGlobalSection
	GlobalSection(SolutionProperties) = preSolution
		HideSolutionNode = FALSE
	EndGlobalSection
	GlobalSection(ExtensibilityGlobals) = postSolution
		SolutionGuid = {2F1DDDCA-F615-40C1-9DC6-C2B72DFA97B2}
	EndGlobalSection
EndGlobal
